
Microsoft Visual Studio Solution File, Format Version 12.00
# Visual Studio Version 16
VisualStudioVersion = 16.0.31112.23
MinimumVisualStudioVersion = 10.0.40219.1
Project("{FAE04EC0-301F-11D3-BF4B-00C04F79EFBC}") = "PPAIRecursosTecnologicos", "PPAIRecursosTecnologicos\PPAIRecursosTecnologicos.csproj", "{4D8DE716-7420-4D3B-9287-0862415F78D4}"
EndProject
Global
	GlobalSection(SolutionConfigurationPlatforms) = preSolution
		Debug|Any CPU = Debug|Any CPU
		Release|Any CPU = Release|Any CPU
	EndGlobalSection
	GlobalSection(ProjectConfigurationPlatforms) = postSolution
		{4D8DE716-7420-4D3B-9287-0862415F78D4}.Debug|Any CPU.ActiveCfg = Debug|Any CPU
		{4D8DE716-7420-4D3B-9287-0862415F78D4}.Debug|Any CPU.Build.0 = Debug|Any CPU
		{4D8DE716-7420-4D3B-9287-0862415F78D4}.Release|Any CPU.ActiveCfg = Release|Any CPU
		{4D8DE716-7420-4D3B-9287-0862415F78D4}.Release|Any CPU.Build.0 = Release|Any CPU
	EndGlobalSection
	GlobalSection(SolutionProperties) = preSolution
		HideSolutionNode = FALSE
	EndGlobalSection
	GlobalSection(ExtensibilityGlobals) = postSolution
		SolutionGuid = {E96A990F-03DB-42AA-AEAC-2E8A35C45F17}
	EndGlobalSection
EndGlobal
